
Microsoft Visual Studio Solution File, Format Version 12.00
# Visual Studio Version 17
VisualStudioVersion = 17.4.33213.308
MinimumVisualStudioVersion = 10.0.40219.1
Project("{FAE04EC0-301F-11D3-BF4B-00C04F79EFBC}") = "Net6WebAPI", "Net6WebAPI\Net6WebAPI.csproj", "{19C521A4-D411-47DC-A586-A589D83847D7}"
EndProject
Global
	GlobalSection(SolutionConfigurationPlatforms) = preSolution
		Debug|Any CPU = Debug|Any CPU
		Release|Any CPU = Release|Any CPU
	EndGlobalSection
	GlobalSection(ProjectConfigurationPlatforms) = postSolution
		{19C521A4-D411-47DC-A586-A589D83847D7}.Debug|Any CPU.ActiveCfg = Debug|Any CPU
		{19C521A4-D411-47DC-A586-A589D83847D7}.Debug|Any CPU.Build.0 = Debug|Any CPU
		{19C521A4-D411-47DC-A586-A589D83847D7}.Release|Any CPU.ActiveCfg = Release|Any CPU
		{19C521A4-D411-47DC-A586-A589D83847D7}.Release|Any CPU.Build.0 = Release|Any CPU
	EndGlobalSection
	GlobalSection(SolutionProperties) = preSolution
		HideSolutionNode = FALSE
	EndGlobalSection
	GlobalSection(ExtensibilityGlobals) = postSolution
		SolutionGuid = {DF8F6B27-5A04-4E68-A27C-14537778F11E}
	EndGlobalSection
EndGlobal
